
Microsoft Visual Studio Solution File, Format Version 12.00
# Visual Studio Version 16
VisualStudioVersion = 16.0.30002.166
MinimumVisualStudioVersion = 10.0.40219.1
Project("{9A19103F-16F7-4668-BE54-9A1E7A4F7556}") = "BookStoreWebAPI", "BookStoreWebAPI.csproj", "{0A552013-CBF0-4B79-9EB8-B65533BEA7C8}"
EndProject
Project("{FAE04EC0-301F-11D3-BF4B-00C04F79EFBC}") = "Model", "..\Model\Model.csproj", "{A650A923-2729-4A10-976A-D790BDC9DA01}"
EndProject
Project("{FAE04EC0-301F-11D3-BF4B-00C04F79EFBC}") = "Repository", "..\Repository\Repository.csproj", "{52497DF6-A674-4DD8-B683-65DE85E9C7AF}"
EndProject
Project("{FAE04EC0-301F-11D3-BF4B-00C04F79EFBC}") = "Manager", "..\Manager\Manager.csproj", "{2311A4EF-4717-416B-9F1F-F5A0EECB3DE9}"
EndProject
Global
	GlobalSection(SolutionConfigurationPlatforms) = preSolution
		Debug|Any CPU = Debug|Any CPU
		Release|Any CPU = Release|Any CPU
	EndGlobalSection
	GlobalSection(ProjectConfigurationPlatforms) = postSolution
		{0A552013-CBF0-4B79-9EB8-B65533BEA7C8}.Debug|Any CPU.ActiveCfg = Debug|Any CPU
		{0A552013-CBF0-4B79-9EB8-B65533BEA7C8}.Debug|Any CPU.Build.0 = Debug|Any CPU
		{0A552013-CBF0-4B79-9EB8-B65533BEA7C8}.Release|Any CPU.ActiveCfg = Release|Any CPU
		{0A552013-CBF0-4B79-9EB8-B65533BEA7C8}.Release|Any CPU.Build.0 = Release|Any CPU
		{A650A923-2729-4A10-976A-D790BDC9DA01}.Debug|Any CPU.ActiveCfg = Debug|Any CPU
		{A650A923-2729-4A10-976A-D790BDC9DA01}.Debug|Any CPU.Build.0 = Debug|Any CPU
		{A650A923-2729-4A10-976A-D790BDC9DA01}.Release|Any CPU.ActiveCfg = Release|Any CPU
		{A650A923-2729-4A10-976A-D790BDC9DA01}.Release|Any CPU.Build.0 = Release|Any CPU
		{52497DF6-A674-4DD8-B683-65DE85E9C7AF}.Debug|Any CPU.ActiveCfg = Debug|Any CPU
		{52497DF6-A674-4DD8-B683-65DE85E9C7AF}.Debug|Any CPU.Build.0 = Debug|Any CPU
		{52497DF6-A674-4DD8-B683-65DE85E9C7AF}.Release|Any CPU.ActiveCfg = Release|Any CPU
		{52497DF6-A674-4DD8-B683-65DE85E9C7AF}.Release|Any CPU.Build.0 = Release|Any CPU
		{2311A4EF-4717-416B-9F1F-F5A0EECB3DE9}.Debug|Any CPU.ActiveCfg = Debug|Any CPU
		{2311A4EF-4717-416B-9F1F-F5A0EECB3DE9}.Debug|Any CPU.Build.0 = Debug|Any CPU
		{2311A4EF-4717-416B-9F1F-F5A0EECB3DE9}.Release|Any CPU.ActiveCfg = Release|Any CPU
		{2311A4EF-4717-416B-9F1F-F5A0EECB3DE9}.Release|Any CPU.Build.0 = Release|Any CPU
	EndGlobalSection
	GlobalSection(SolutionProperties) = preSolution
		HideSolutionNode = FALSE
	EndGlobalSection
	GlobalSection(ExtensibilityGlobals) = postSolution
		SolutionGuid = {E3DF437E-A822-4D79-94DD-0BBED68260F1}
	EndGlobalSection
EndGlobal
